// !$*UTF8*$!
{
	archiveVersion = 1;
	classes = {
	};
	objectVersion = 46;
	objects = {

/* Begin PBXBuildFile section */
		3A0171F6196E809B004A8782 /* Foundation.framework in Frameworks */ = {isa = PBXBuildFile; fileRef = 3A0171F5196E809B004A8782 /* Foundation.framework */; };
		3A0171F8196E809B004A8782 /* CoreGraphics.framework in Frameworks */ = {isa = PBXBuildFile; fileRef = 3A0171F7196E809B004A8782 /* CoreGraphics.framework */; };
		3A0171FA196E809B004A8782 /* UIKit.framework in Frameworks */ = {isa = PBXBuildFile; fileRef = 3A0171F9196E809B004A8782 /* UIKit.framework */; };
		3A017200196E809B004A8782 /* InfoPlist.strings in Resources */ = {isa = PBXBuildFile; fileRef = 3A0171FE196E809B004A8782 /* InfoPlist.strings */; };
		3A017202196E809B004A8782 /* main.m in Sources */ = {isa = PBXBuildFile; fileRef = 3A017201196E809B004A8782 /* main.m */; };
		3A017206196E809B004A8782 /* DandiAppDelegate.m in Sources */ = {isa = PBXBuildFile; fileRef = 3A017205196E809B004A8782 /* DandiAppDelegate.m */; };
		3A017209196E809B004A8782 /* Main.storyboard in Resources */ = {isa = PBXBuildFile; fileRef = 3A017207196E809B004A8782 /* Main.storyboard */; };
		3A01720C196E809B004A8782 /* DandiFirstViewController.m in Sources */ = {isa = PBXBuildFile; fileRef = 3A01720B196E809B004A8782 /* DandiFirstViewController.m */; };
		3A01720F196E809B004A8782 /* DandiSecondViewController.m in Sources */ = {isa = PBXBuildFile; fileRef = 3A01720E196E809B004A8782 /* DandiSecondViewController.m */; };
		3A017211196E809B004A8782 /* Images.xcassets in Resources */ = {isa = PBXBuildFile; fileRef = 3A017210196E809B004A8782 /* Images.xcassets */; };
		3A017218196E809B004A8782 /* XCTest.framework in Frameworks */ = {isa = PBXBuildFile; fileRef = 3A017217196E809B004A8782 /* XCTest.framework */; };
		3A017219196E809B004A8782 /* Foundation.framework in Frameworks */ = {isa = PBXBuildFile; fileRef = 3A0171F5196E809B004A8782 /* Foundation.framework */; };
		3A01721A196E809B004A8782 /* UIKit.framework in Frameworks */ = {isa = PBXBuildFile; fileRef = 3A0171F9196E809B004A8782 /* UIKit.framework */; };
		3A017222196E809B004A8782 /* InfoPlist.strings in Resources */ = {isa = PBXBuildFile; fileRef = 3A017220196E809B004A8782 /* InfoPlist.strings */; };
		3A017224196E809B004A8782 /* ZSHHHTests.m in Sources */ = {isa = PBXBuildFile; fileRef = 3A017223196E809B004A8782 /* ZSHHHTests.m */; };
/* End PBXBuildFile section */

/* Begin PBXContainerItemProxy section */
		3A01721B196E809B004A8782 /* PBXContainerItemProxy */ = {
			isa = PBXContainerItemProxy;
			containerPortal = 3A0171EA196E809B004A8782 /* Project object */;
			proxyType = 1;
			remoteGlobalIDString = 3A0171F1196E809B004A8782;
			remoteInfo = ZSHHH;
		};
/* End PBXContainerItemProxy section */

/* Begin PBXFileReference section */
		3A0171F2196E809B004A8782 /* ZSHHH.app */ = {isa = PBXFileReference; explicitFileType = wrapper.application; includeInIndex = 0; path = ZSHHH.app; sourceTree = BUILT_PRODUCTS_DIR; };
		3A0171F5196E809B004A8782 /* Foundation.framework */ = {isa = PBXFileReference; lastKnownFileType = wrapper.framework; name = Foundation.framework; path = System/Library/Frameworks/Foundation.framework; sourceTree = SDKROOT; };
		3A0171F7196E809B004A8782 /* CoreGraphics.framework */ = {isa = PBXFileReference; lastKnownFileType = wrapper.framework; name = CoreGraphics.framework; path = System/Library/Frameworks/CoreGraphics.framework; sourceTree = SDKROOT; };
		3A0171F9196E809B004A8782 /* UIKit.framework */ = {isa = PBXFileReference; lastKnownFileType = wrapper.framework; name = UIKit.framework; path = System/Library/Frameworks/UIKit.framework; sourceTree = SDKROOT; };
		3A0171FD196E809B004A8782 /* ZSHHH-Info.plist */ = {isa = PBXFileReference; lastKnownFileType = text.plist.xml; path = "ZSHHH-Info.plist"; sourceTree = "<group>"; };
		3A0171FF196E809B004A8782 /* en */ = {isa = PBXFileReference; lastKnownFileType = text.plist.strings; name = en; path = en.lproj/InfoPlist.strings; sourceTree = "<group>"; };
		3A017201196E809B004A8782 /* main.m */ = {isa = PBXFileReference; lastKnownFileType = sourcecode.c.objc; path = main.m; sourceTree = "<group>"; };
		3A017203196E809B004A8782 /* ZSHHH-Prefix.pch */ = {isa = PBXFileReference; lastKnownFileType = sourcecode.c.h; path = "ZSHHH-Prefix.pch"; sourceTree = "<group>"; };
		3A017204196E809B004A8782 /* DandiAppDelegate.h */ = {isa = PBXFileReference; lastKnownFileType = sourcecode.c.h; path = DandiAppDelegate.h; sourceTree = "<group>"; };
		3A017205196E809B004A8782 /* DandiAppDelegate.m */ = {isa = PBXFileReference; lastKnownFileType = sourcecode.c.objc; path = DandiAppDelegate.m; sourceTree = "<group>"; };
		3A017208196E809B004A8782 /* Base */ = {isa = PBXFileReference; lastKnownFileType = file.storyboard; name = Base; path = Base.lproj/Main.storyboard; sourceTree = "<group>"; };
		3A01720A196E809B004A8782 /* DandiFirstViewController.h */ = {isa = PBXFileReference; lastKnownFileType = sourcecode.c.h; path = DandiFirstViewController.h; sourceTree = "<group>"; };
		3A01720B196E809B004A8782 /* DandiFirstViewController.m */ = {isa = PBXFileReference; lastKnownFileType = sourcecode.c.objc; path = DandiFirstViewController.m; sourceTree = "<group>"; };
		3A01720D196E809B004A8782 /* DandiSecondViewController.h */ = {isa = PBXFileReference; lastKnownFileType = sourcecode.c.h; path = DandiSecondViewController.h; sourceTree = "<group>"; };
		3A01720E196E809B004A8782 /* DandiSecondViewController.m */ = {isa = PBXFileReference; lastKnownFileType = sourcecode.c.objc; path = DandiSecondViewController.m; sourceTree = "<group>"; };
		3A017210196E809B004A8782 /* Images.xcassets */ = {isa = PBXFileReference; lastKnownFileType = folder.assetcatalog; path = Images.xcassets; sourceTree = "<group>"; };
		3A017216196E809B004A8782 /* ZSHHHTests.xctest */ = {isa = PBXFileReference; explicitFileType = wrapper.cfbundle; includeInIndex = 0; path = ZSHHHTests.xctest; sourceTree = BUILT_PRODUCTS_DIR; };
		3A017217196E809B004A8782 /* XCTest.framework */ = {isa = PBXFileReference; lastKnownFileType = wrapper.framework; name = XCTest.framework; path = Library/Frameworks/XCTest.framework; sourceTree = DEVELOPER_DIR; };
		3A01721F196E809B004A8782 /* ZSHHHTests-Info.plist */ = {isa = PBXFileReference; lastKnownFileType = text.plist.xml; path = "ZSHHHTests-Info.plist"; sourceTree = "<group>"; };
		3A017221196E809B004A8782 /* en */ = {isa = PBXFileReference; lastKnownFileType = text.plist.strings; name = en; path = en.lproj/InfoPlist.strings; sourceTree = "<group>"; };
		3A017223196E809B004A8782 /* ZSHHHTests.m */ = {isa = PBXFileReference; lastKnownFileType = sourcecode.c.objc; path = ZSHHHTests.m; sourceTree = "<group>"; };
/* End PBXFileReference section */

/* Begin PBXFrameworksBuildPhase section */
		3A0171EF196E809B004A8782 /* Frameworks */ = {
			isa = PBXFrameworksBuildPhase;
			buildActionMask = 2147483647;
			files = (
				3A0171F8196E809B004A8782 /* CoreGraphics.framework in Frameworks */,
				3A0171FA196E809B004A8782 /* UIKit.framework in Frameworks */,
				3A0171F6196E809B004A8782 /* Foundation.framework in Frameworks */,
			);
			runOnlyForDeploymentPostprocessing = 0;
		};
		3A017213196E809B004A8782 /* Frameworks */ = {
			isa = PBXFrameworksBuildPhase;
			buildActionMask = 2147483647;
			files = (
				3A017218196E809B004A8782 /* XCTest.framework in Frameworks */,
				3A01721A196E809B004A8782 /* UIKit.framework in Frameworks */,
				3A017219196E809B004A8782 /* Foundation.framework in Frameworks */,
			);
			runOnlyForDeploymentPostprocessing = 0;
		};
/* End PBXFrameworksBuildPhase section */

/* Begin PBXGroup section */
		3A0171E9196E809B004A8782 = {
			isa = PBXGroup;
			children = (
				3A0171FB196E809B004A8782 /* ZSHHH */,
				3A01721D196E809B004A8782 /* ZSHHHTests */,
				3A0171F4196E809B004A8782 /* Frameworks */,
				3A0171F3196E809B004A8782 /* Products */,
			);
			sourceTree = "<group>";
		};
		3A0171F3196E809B004A8782 /* Products */ = {
			isa = PBXGroup;
			children = (
				3A0171F2196E809B004A8782 /* ZSHHH.app */,
				3A017216196E809B004A8782 /* ZSHHHTests.xctest */,
			);
			name = Products;
			sourceTree = "<group>";
		};
		3A0171F4196E809B004A8782 /* Frameworks */ = {
			isa = PBXGroup;
			children = (
				3A0171F5196E809B004A8782 /* Foundation.framework */,
				3A0171F7196E809B004A8782 /* CoreGraphics.framework */,
				3A0171F9196E809B004A8782 /* UIKit.framework */,
				3A017217196E809B004A8782 /* XCTest.framework */,
			);
			name = Frameworks;
			sourceTree = "<group>";
		};
		3A0171FB196E809B004A8782 /* ZSHHH */ = {
			isa = PBXGroup;
			children = (
				3A017204196E809B004A8782 /* DandiAppDelegate.h */,
				3A017205196E809B004A8782 /* DandiAppDelegate.m */,
				3A017207196E809B004A8782 /* Main.storyboard */,
				3A01720A196E809B004A8782 /* DandiFirstViewController.h */,
				3A01720B196E809B004A8782 /* DandiFirstViewController.m */,
				3A01720D196E809B004A8782 /* DandiSecondViewController.h */,
				3A01720E196E809B004A8782 /* DandiSecondViewController.m */,
				3A017210196E809B004A8782 /* Images.xcassets */,
				3A0171FC196E809B004A8782 /* Supporting Files */,
			);
			path = ZSHHH;
			sourceTree = "<group>";
		};
		3A0171FC196E809B004A8782 /* Supporting Files */ = {
			isa = PBXGroup;
			children = (
				3A0171FD196E809B004A8782 /* ZSHHH-Info.plist */,
				3A0171FE196E809B004A8782 /* InfoPlist.strings */,
				3A017201196E809B004A8782 /* main.m */,
				3A017203196E809B004A8782 /* ZSHHH-Prefix.pch */,
			);
			name = "Supporting Files";
			sourceTree = "<group>";
		};
		3A01721D196E809B004A8782 /* ZSHHHTests */ = {
			isa = PBXGroup;
			children = (
				3A017223196E809B004A8782 /* ZSHHHTests.m */,
				3A01721E196E809B004A8782 /* Supporting Files */,
			);
			path = ZSHHHTests;
			sourceTree = "<group>";
		};
		3A01721E196E809B004A8782 /* Supporting Files */ = {
			isa = PBXGroup;
			children = (
				3A01721F196E809B004A8782 /* ZSHHHTests-Info.plist */,
				3A017220196E809B004A8782 /* InfoPlist.strings */,
			);
			name = "Supporting Files";
			sourceTree = "<group>";
		};
/* End PBXGroup section */

/* Begin PBXNativeTarget section */
		3A0171F1196E809B004A8782 /* ZSHHH */ = {
			isa = PBXNativeTarget;
			buildConfigurationList = 3A017227196E809B004A8782 /* Build configuration list for PBXNativeTarget "ZSHHH" */;
			buildPhases = (
				3A0171EE196E809B004A8782 /* Sources */,
				3A0171EF196E809B004A8782 /* Frameworks */,
				3A0171F0196E809B004A8782 /* Resources */,
			);
			buildRules = (
			);
			dependencies = (
			);
			name = ZSHHH;
			productName = ZSHHH;
			productReference = 3A0171F2196E809B004A8782 /* ZSHHH.app */;
			productType = "com.apple.product-type.application";
		};
		3A017215196E809B004A8782 /* ZSHHHTests */ = {
			isa = PBXNativeTarget;
			buildConfigurationList = 3A01722A196E809B004A8782 /* Build configuration list for PBXNativeTarget "ZSHHHTests" */;
			buildPhases = (
				3A017212196E809B004A8782 /* Sources */,
				3A017213196E809B004A8782 /* Frameworks */,
				3A017214196E809B004A8782 /* Resources */,
			);
			buildRules = (
			);
			dependencies = (
				3A01721C196E809B004A8782 /* PBXTargetDependency */,
			);
			name = ZSHHHTests;
			productName = ZSHHHTests;
			productReference = 3A017216196E809B004A8782 /* ZSHHHTests.xctest */;
			productType = "com.apple.product-type.bundle.unit-test";
		};
/* End PBXNativeTarget section */

/* Begin PBXProject section */
		3A0171EA196E809B004A8782 /* Project object */ = {
			isa = PBXProject;
			attributes = {
				CLASSPREFIX = Dandi;
				LastUpgradeCheck = 0510;
				ORGANIZATIONNAME = "___FULLUSERNAME___";
				TargetAttributes = {
					3A017215196E809B004A8782 = {
						TestTargetID = 3A0171F1196E809B004A8782;
					};
				};
			};
			buildConfigurationList = 3A0171ED196E809B004A8782 /* Build configuration list for PBXProject "ZSHHH" */;
			compatibilityVersion = "Xcode 3.2";
			developmentRegion = English;
			hasScannedForEncodings = 0;
			knownRegions = (
				en,
				Base,
			);
			mainGroup = 3A0171E9196E809B004A8782;
			productRefGroup = 3A0171F3196E809B004A8782 /* Products */;
			projectDirPath = "";
			projectRoot = "";
			targets = (
				3A0171F1196E809B004A8782 /* ZSHHH */,
				3A017215196E809B004A8782 /* ZSHHHTests */,
			);
		};
/* End PBXProject section */

/* Begin PBXResourcesBuildPhase section */
		3A0171F0196E809B004A8782 /* Resources */ = {
			isa = PBXResourcesBuildPhase;
			buildActionMask = 2147483647;
			files = (
				3A017211196E809B004A8782 /* Images.xcassets in Resources */,
				3A017200196E809B004A8782 /* InfoPlist.strings in Resources */,
				3A017209196E809B004A8782 /* Main.storyboard in Resources */,
			);
			runOnlyForDeploymentPostprocessing = 0;
		};
		3A017214196E809B004A8782 /* Resources */ = {
			isa = PBXResourcesBuildPhase;
			buildActionMask = 2147483647;
			files = (
				3A017222196E809B004A8782 /* InfoPlist.strings in Resources */,
			);
			runOnlyForDeploymentPostprocessing = 0;
		};
/* End PBXResourcesBuildPhase section */

/* Begin PBXSourcesBuildPhase section */
		3A0171EE196E809B004A8782 /* Sources */ = {
			isa = PBXSourcesBuildPhase;
			buildActionMask = 2147483647;
			files = (
				3A017202196E809B004A8782 /* main.m in Sources */,
				3A01720F196E809B004A8782 /* DandiSecondViewController.m in Sources */,
				3A01720C196E809B004A8782 /* DandiFirstViewController.m in Sources */,
				3A017206196E809B004A8782 /* DandiAppDelegate.m in Sources */,
			);
			runOnlyForDeploymentPostprocessing = 0;
		};
		3A017212196E809B004A8782 /* Sources */ = {
			isa = PBXSourcesBuildPhase;
			buildActionMask = 2147483647;
			files = (
				3A017224196E809B004A8782 /* ZSHHHTests.m in Sources */,
			);
			runOnlyForDeploymentPostprocessing = 0;
		};
/* End PBXSourcesBuildPhase section */

/* Begin PBXTargetDependency section */
		3A01721C196E809B004A8782 /* PBXTargetDependency */ = {
			isa = PBXTargetDependency;
			target = 3A0171F1196E809B004A8782 /* ZSHHH */;
			targetProxy = 3A01721B196E809B004A8782 /* PBXContainerItemProxy */;
		};
/* End PBXTargetDependency section */

/* Begin PBXVariantGroup section */
		3A0171FE196E809B004A8782 /* InfoPlist.strings */ = {
			isa = PBXVariantGroup;
			children = (
				3A0171FF196E809B004A8782 /* en */,
			);
			name = InfoPlist.strings;
			sourceTree = "<group>";
		};
		3A017207196E809B004A8782 /* Main.storyboard */ = {
			isa = PBXVariantGroup;
			children = (
				3A017208196E809B004A8782 /* Base */,
			);
			name = Main.storyboard;
			sourceTree = "<group>";
		};
		3A017220196E809B004A8782 /* InfoPlist.strings */ = {
			isa = PBXVariantGroup;
			children = (
				3A017221196E809B004A8782 /* en */,
			);
			name = InfoPlist.strings;
			sourceTree = "<group>";
		};
/* End PBXVariantGroup section */

/* Begin XCBuildConfiguration section */
		3A017225196E809B004A8782 /* Debug */ = {
			isa = XCBuildConfiguration;
			buildSettings = {
				ALWAYS_SEARCH_USER_PATHS = NO;
				CLANG_CXX_LANGUAGE_STANDARD = "gnu++0x";
				CLANG_CXX_LIBRARY = "libc++";
				CLANG_ENABLE_MODULES = YES;
				CLANG_ENABLE_OBJC_ARC = YES;
				CLANG_WARN_BOOL_CONVERSION = YES;
				CLANG_WARN_CONSTANT_CONVERSION = YES;
				CLANG_WARN_DIRECT_OBJC_ISA_USAGE = YES_ERROR;
				CLANG_WARN_EMPTY_BODY = YES;
				CLANG_WARN_ENUM_CONVERSION = YES;
				CLANG_WARN_INT_CONVERSION = YES;
				CLANG_WARN_OBJC_ROOT_CLASS = YES_ERROR;
				CLANG_WARN__DUPLICATE_METHOD_MATCH = YES;
				"CODE_SIGN_IDENTITY[sdk=iphoneos*]" = "iPhone Developer";
				COPY_PHASE_STRIP = NO;
				GCC_C_LANGUAGE_STANDARD = gnu99;
				GCC_DYNAMIC_NO_PIC = NO;
				GCC_OPTIMIZATION_LEVEL = 0;
				GCC_PREPROCESSOR_DEFINITIONS = (
					"DEBUG=1",
					"$(inherited)",
				);
				GCC_SYMBOLS_PRIVATE_EXTERN = NO;
				GCC_WARN_64_TO_32_BIT_CONVERSION = YES;
				GCC_WARN_ABOUT_RETURN_TYPE = YES_ERROR;
				GCC_WARN_UNDECLARED_SELECTOR = YES;
				GCC_WARN_UNINITIALIZED_AUTOS = YES_AGGRESSIVE;
				GCC_WARN_UNUSED_FUNCTION = YES;
				GCC_WARN_UNUSED_VARIABLE = YES;
				IPHONEOS_DEPLOYMENT_TARGET = 7.1;
				ONLY_ACTIVE_ARCH = YES;
				SDKROOT = iphoneos;
			};
			name = Debug;
		};
		3A017226196E809B004A8782 /* Release */ = {
			isa = XCBuildConfiguration;
			buildSettings = {
				ALWAYS_SEARCH_USER_PATHS = NO;
				CLANG_CXX_LANGUAGE_STANDARD = "gnu++0x";
				CLANG_CXX_LIBRARY = "libc++";
				CLANG_ENABLE_MODULES = YES;
				CLANG_ENABLE_OBJC_ARC = YES;
				CLANG_WARN_BOOL_CONVERSION = YES;
				CLANG_WARN_CONSTANT_CONVERSION = YES;
				CLANG_WARN_DIRECT_OBJC_ISA_USAGE = YES_ERROR;
				CLANG_WARN_EMPTY_BODY = YES;
				CLANG_WARN_ENUM_CONVERSION = YES;
				CLANG_WARN_INT_CONVERSION = YES;
				CLANG_WARN_OBJC_ROOT_CLASS = YES_ERROR;
				CLANG_WARN__DUPLICATE_METHOD_MATCH = YES;
				"CODE_SIGN_IDENTITY[sdk=iphoneos*]" = "iPhone Developer";
				COPY_PHASE_STRIP = YES;
				ENABLE_NS_ASSERTIONS = NO;
				GCC_C_LANGUAGE_STANDARD = gnu99;
				GCC_WARN_64_TO_32_BIT_CONVERSION = YES;
				GCC_WARN_ABOUT_RETURN_TYPE = YES_ERROR;
				GCC_WARN_UNDECLARED_SELECTOR = YES;
				GCC_WARN_UNINITIALIZED_AUTOS = YES_AGGRESSIVE;
				GCC_WARN_UNUSED_FUNCTION = YES;
				GCC_WARN_UNUSED_VARIABLE = YES;
				IPHONEOS_DEPLOYMENT_TARGET = 7.1;
				SDKROOT = iphoneos;
				VALIDATE_PRODUCT = YES;
			};
			name = Release;
		};
		3A017228196E809B004A8782 /* Debug */ = {
			isa = XCBuildConfiguration;
			buildSettings = {
				ASSETCATALOG_COMPILER_APPICON_NAME = AppIcon;
				ASSETCATALOG_COMPILER_LAUNCHIMAGE_NAME = LaunchImage;
				GCC_PRECOMPILE_PREFIX_HEADER = YES;
				GCC_PREFIX_HEADER = "ZSHHH/ZSHHH-Prefix.pch";
				INFOPLIST_FILE = "ZSHHH/ZSHHH-Info.plist";
				PRODUCT_NAME = "$(TARGET_NAME)";
				WRAPPER_EXTENSION = app;
			};
			name = Debug;
		};
		3A017229196E809B004A8782 /* Release */ = {
			isa = XCBuildConfiguration;
			buildSettings = {
				ASSETCATALOG_COMPILER_APPICON_NAME = AppIcon;
				ASSETCATALOG_COMPILER_LAUNCHIMAGE_NAME = LaunchImage;
				GCC_PRECOMPILE_PREFIX_HEADER = YES;
				GCC_PREFIX_HEADER = "ZSHHH/ZSHHH-Prefix.pch";
				INFOPLIST_FILE = "ZSHHH/ZSHHH-Info.plist";
				PRODUCT_NAME = "$(TARGET_NAME)";
				WRAPPER_EXTENSION = app;
			};
			name = Release;
		};
		3A01722B196E809B004A8782 /* Debug */ = {
			isa = XCBuildConfiguration;
			buildSettings = {
				BUNDLE_LOADER = "$(BUILT_PRODUCTS_DIR)/ZSHHH.app/ZSHHH";
				FRAMEWORK_SEARCH_PATHS = (
					"$(SDKROOT)/Developer/Library/Frameworks",
					"$(inherited)",
					"$(DEVELOPER_FRAMEWORKS_DIR)",
				);
				GCC_PRECOMPILE_PREFIX_HEADER = YES;
				GCC_PREFIX_HEADER = "ZSHHH/ZSHHH-Prefix.pch";
				GCC_PREPROCESSOR_DEFINITIONS = (
					"DEBUG=1",
					"$(inherited)",
				);
				INFOPLIST_FILE = "ZSHHHTests/ZSHHHTests-Info.plist";
				PRODUCT_NAME = "$(TARGET_NAME)";
				TEST_HOST = "$(BUNDLE_LOADER)";
				WRAPPER_EXTENSION = xctest;
			};
			name = Debug;
		};
		3A01722C196E809B004A8782 /* Release */ = {
			isa = XCBuildConfiguration;
			buildSettings = {
				BUNDLE_LOADER = "$(BUILT_PRODUCTS_DIR)/ZSHHH.app/ZSHHH";
				FRAMEWORK_SEARCH_PATHS = (
					"$(SDKROOT)/Developer/Library/Frameworks",
					"$(inherited)",
					"$(DEVELOPER_FRAMEWORKS_DIR)",
				);
				GCC_PRECOMPILE_PREFIX_HEADER = YES;
				GCC_PREFIX_HEADER = "ZSHHH/ZSHHH-Prefix.pch";
				INFOPLIST_FILE = "ZSHHHTests/ZSHHHTests-Info.plist";
				PRODUCT_NAME = "$(TARGET_NAME)";
				TEST_HOST = "$(BUNDLE_LOADER)";
				WRAPPER_EXTENSION = xctest;
			};
			name = Release;
		};
/* End XCBuildConfiguration section */

/* Begin XCConfigurationList section */
		3A0171ED196E809B004A8782 /* Build configuration list for PBXProject "ZSHHH" */ = {
			isa = XCConfigurationList;
			buildConfigurations = (
				3A017225196E809B004A8782 /* Debug */,
				3A017226196E809B004A8782 /* Release */,
			);
			defaultConfigurationIsVisible = 0;
			defaultConfigurationName = Release;
		};
		3A017227196E809B004A8782 /* Build configuration list for PBXNativeTarget "ZSHHH" */ = {
			isa = XCConfigurationList;
			buildConfigurations = (
				3A017228196E809B004A8782 /* Debug */,
				3A017229196E809B004A8782 /* Release */,
			);
			defaultConfigurationIsVisible = 0;
		};
		3A01722A196E809B004A8782 /* Build configuration list for PBXNativeTarget "ZSHHHTests" */ = {
			isa = XCConfigurationList;
			buildConfigurations = (
				3A01722B196E809B004A8782 /* Debug */,
				3A01722C196E809B004A8782 /* Release */,
			);
			defaultConfigurationIsVisible = 0;
		};
/* End XCConfigurationList section */
	};
	rootObject = 3A0171EA196E809B004A8782 /* Project object */;
}
